// !$*UTF8*$!
{
	archiveVersion = 1;
	classes = {
	};
	objectVersion = 51;
	objects = {

/* Begin PBXBuildFile section */
		12CAA38A1AAA20BC43769D2D /* Pods_Todo.framework in Frameworks */ = {isa = PBXBuildFile; fileRef = 1B9E0632CEBBE16BF3398CFD /* Pods_Todo.framework */; };
		242A2E4625D903E800A03D0F /* CompleteDelegate.swift in Sources */ = {isa = PBXBuildFile; fileRef = 242A2E4525D903E800A03D0F /* CompleteDelegate.swift */; };
		2454B4E125D2D8DB00BE9794 /* AppDelegate.swift in Sources */ = {isa = PBXBuildFile; fileRef = 2454B4E025D2D8DB00BE9794 /* AppDelegate.swift */; };
		2454B4E325D2D8DB00BE9794 /* SceneDelegate.swift in Sources */ = {isa = PBXBuildFile; fileRef = 2454B4E225D2D8DB00BE9794 /* SceneDelegate.swift */; };
		2454B4E525D2D8DB00BE9794 /* MainViewController.swift in Sources */ = {isa = PBXBuildFile; fileRef = 2454B4E425D2D8DB00BE9794 /* MainViewController.swift */; };
		2454B4E825D2D8DB00BE9794 /* Main.storyboard in Resources */ = {isa = PBXBuildFile; fileRef = 2454B4E625D2D8DB00BE9794 /* Main.storyboard */; };
		2454B4ED25D2D8DC00BE9794 /* Assets.xcassets in Resources */ = {isa = PBXBuildFile; fileRef = 2454B4EC25D2D8DC00BE9794 /* Assets.xcassets */; };
		2454B4F025D2D8DC00BE9794 /* LaunchScreen.storyboard in Resources */ = {isa = PBXBuildFile; fileRef = 2454B4EE25D2D8DC00BE9794 /* LaunchScreen.storyboard */; };
		248156BD25E20C5C0029249A /* CalendarViewController.swift in Sources */ = {isa = PBXBuildFile; fileRef = 248156BC25E20C5C0029249A /* CalendarViewController.swift */; };
		248156C025E20C6A0029249A /* TableViewController.swift in Sources */ = {isa = PBXBuildFile; fileRef = 248156BF25E20C6A0029249A /* TableViewController.swift */; };
		24A00EBE25D7F8900066506B /* DetailViewController.swift in Sources */ = {isa = PBXBuildFile; fileRef = 24A00EBD25D7F8900066506B /* DetailViewController.swift */; };
		24A17C8625DE533F0015AAC4 /* GoogleService-Info.plist in Resources */ = {isa = PBXBuildFile; fileRef = 24A17C8525DE533F0015AAC4 /* GoogleService-Info.plist */; };
		24CCC91725D6C46B00CDC994 /* NoteViewController.swift in Sources */ = {isa = PBXBuildFile; fileRef = 24CCC91625D6C46B00CDC994 /* NoteViewController.swift */; };
/* End PBXBuildFile section */

/* Begin PBXFileReference section */
		1B9E0632CEBBE16BF3398CFD /* Pods_Todo.framework */ = {isa = PBXFileReference; explicitFileType = wrapper.framework; includeInIndex = 0; path = Pods_Todo.framework; sourceTree = BUILT_PRODUCTS_DIR; };
		242A2E4525D903E800A03D0F /* CompleteDelegate.swift */ = {isa = PBXFileReference; lastKnownFileType = sourcecode.swift; path = CompleteDelegate.swift; sourceTree = "<group>"; };
		2454B4DD25D2D8DB00BE9794 /* Todo.app */ = {isa = PBXFileReference; explicitFileType = wrapper.application; includeInIndex = 0; path = Todo.app; sourceTree = BUILT_PRODUCTS_DIR; };
		2454B4E025D2D8DB00BE9794 /* AppDelegate.swift */ = {isa = PBXFileReference; lastKnownFileType = sourcecode.swift; path = AppDelegate.swift; sourceTree = "<group>"; };
		2454B4E225D2D8DB00BE9794 /* SceneDelegate.swift */ = {isa = PBXFileReference; lastKnownFileType = sourcecode.swift; path = SceneDelegate.swift; sourceTree = "<group>"; };
		2454B4E425D2D8DB00BE9794 /* MainViewController.swift */ = {isa = PBXFileReference; lastKnownFileType = sourcecode.swift; path = MainViewController.swift; sourceTree = "<group>"; };
		2454B4E725D2D8DB00BE9794 /* Base */ = {isa = PBXFileReference; lastKnownFileType = file.storyboard; name = Base; path = Base.lproj/Main.storyboard; sourceTree = "<group>"; };
		2454B4EC25D2D8DC00BE9794 /* Assets.xcassets */ = {isa = PBXFileReference; lastKnownFileType = folder.assetcatalog; path = Assets.xcassets; sourceTree = "<group>"; };
		2454B4EF25D2D8DC00BE9794 /* Base */ = {isa = PBXFileReference; lastKnownFileType = file.storyboard; name = Base; path = Base.lproj/LaunchScreen.storyboard; sourceTree = "<group>"; };
		2454B4F125D2D8DC00BE9794 /* Info.plist */ = {isa = PBXFileReference; lastKnownFileType = text.plist.xml; path = Info.plist; sourceTree = "<group>"; };
		248156BC25E20C5C0029249A /* CalendarViewController.swift */ = {isa = PBXFileReference; lastKnownFileType = sourcecode.swift; path = CalendarViewController.swift; sourceTree = "<group>"; };
		248156BF25E20C6A0029249A /* TableViewController.swift */ = {isa = PBXFileReference; lastKnownFileType = sourcecode.swift; path = TableViewController.swift; sourceTree = "<group>"; };
		24A00EBD25D7F8900066506B /* DetailViewController.swift */ = {isa = PBXFileReference; lastKnownFileType = sourcecode.swift; path = DetailViewController.swift; sourceTree = "<group>"; };
		24A17C8525DE533F0015AAC4 /* GoogleService-Info.plist */ = {isa = PBXFileReference; fileEncoding = 4; lastKnownFileType = text.plist.xml; path = "GoogleService-Info.plist"; sourceTree = "<group>"; };
		24CCC91625D6C46B00CDC994 /* NoteViewController.swift */ = {isa = PBXFileReference; lastKnownFileType = sourcecode.swift; path = NoteViewController.swift; sourceTree = "<group>"; };
		6A3BEC41567FDAEC2A05AC02 /* Pods-Todo.debug.xcconfig */ = {isa = PBXFileReference; includeInIndex = 1; lastKnownFileType = text.xcconfig; name = "Pods-Todo.debug.xcconfig"; path = "Target Support Files/Pods-Todo/Pods-Todo.debug.xcconfig"; sourceTree = "<group>"; };
		DC663AF16782228624A2E82B /* Pods-Todo.release.xcconfig */ = {isa = PBXFileReference; includeInIndex = 1; lastKnownFileType = text.xcconfig; name = "Pods-Todo.release.xcconfig"; path = "Target Support Files/Pods-Todo/Pods-Todo.release.xcconfig"; sourceTree = "<group>"; };
/* End PBXFileReference section */

/* Begin PBXFrameworksBuildPhase section */
		2454B4DA25D2D8DB00BE9794 /* Frameworks */ = {
			isa = PBXFrameworksBuildPhase;
			buildActionMask = 2147483647;
			files = (
				12CAA38A1AAA20BC43769D2D /* Pods_Todo.framework in Frameworks */,
			);
			runOnlyForDeploymentPostprocessing = 0;
		};
/* End PBXFrameworksBuildPhase section */

/* Begin PBXGroup section */
		2454B4D425D2D8DB00BE9794 = {
			isa = PBXGroup;
			children = (
				2454B4DF25D2D8DB00BE9794 /* Todo */,
				2454B4DE25D2D8DB00BE9794 /* Products */,
				A1351C77FC280495B3928049 /* Pods */,
				395D4DAA6389A72458C93787 /* Frameworks */,
			);
			sourceTree = "<group>";
		};
		2454B4DE25D2D8DB00BE9794 /* Products */ = {
			isa = PBXGroup;
			children = (
				2454B4DD25D2D8DB00BE9794 /* Todo.app */,
			);
			name = Products;
			sourceTree = "<group>";
		};
		2454B4DF25D2D8DB00BE9794 /* Todo */ = {
			isa = PBXGroup;
			children = (
				24CCC91425D6C10200CDC994 /* View */,
				24CCC91225D6C0E200CDC994 /* ViewController */,
				24CCC90F25D6C0BC00CDC994 /* AppDelegate */,
				2454B4EC25D2D8DC00BE9794 /* Assets.xcassets */,
				2454B4F125D2D8DC00BE9794 /* Info.plist */,
				24A17C8525DE533F0015AAC4 /* GoogleService-Info.plist */,
			);
			path = Todo;
			sourceTree = "<group>";
		};
		248156C225E20D130029249A /* MainViewControllers */ = {
			isa = PBXGroup;
			children = (
				2454B4E425D2D8DB00BE9794 /* MainViewController.swift */,
				248156BC25E20C5C0029249A /* CalendarViewController.swift */,
				248156BF25E20C6A0029249A /* TableViewController.swift */,
			);
			path = MainViewControllers;
			sourceTree = "<group>";
		};
		24CCC90F25D6C0BC00CDC994 /* AppDelegate */ = {
			isa = PBXGroup;
			children = (
				2454B4E225D2D8DB00BE9794 /* SceneDelegate.swift */,
				2454B4E025D2D8DB00BE9794 /* AppDelegate.swift */,
				242A2E4525D903E800A03D0F /* CompleteDelegate.swift */,
			);
			path = AppDelegate;
			sourceTree = "<group>";
		};
		24CCC91225D6C0E200CDC994 /* ViewController */ = {
			isa = PBXGroup;
			children = (
				248156C225E20D130029249A /* MainViewControllers */,
				24CCC91625D6C46B00CDC994 /* NoteViewController.swift */,
				24A00EBD25D7F8900066506B /* DetailViewController.swift */,
			);
			path = ViewController;
			sourceTree = "<group>";
		};
		24CCC91425D6C10200CDC994 /* View */ = {
			isa = PBXGroup;
			children = (
				2454B4E625D2D8DB00BE9794 /* Main.storyboard */,
				2454B4EE25D2D8DC00BE9794 /* LaunchScreen.storyboard */,
			);
			path = View;
			sourceTree = "<group>";
		};
		395D4DAA6389A72458C93787 /* Frameworks */ = {
			isa = PBXGroup;
			children = (
				1B9E0632CEBBE16BF3398CFD /* Pods_Todo.framework */,
			);
			name = Frameworks;
			sourceTree = "<group>";
		};
		A1351C77FC280495B3928049 /* Pods */ = {
			isa = PBXGroup;
			children = (
				6A3BEC41567FDAEC2A05AC02 /* Pods-Todo.debug.xcconfig */,
				DC663AF16782228624A2E82B /* Pods-Todo.release.xcconfig */,
			);
			path = Pods;
			sourceTree = "<group>";
		};
/* End PBXGroup section */

/* Begin PBXNativeTarget section */
		2454B4DC25D2D8DB00BE9794 /* Todo */ = {
			isa = PBXNativeTarget;
			buildConfigurationList = 2454B4F425D2D8DC00BE9794 /* Build configuration list for PBXNativeTarget "Todo" */;
			buildPhases = (
				36AE1D937E2262F5845D5327 /* [CP] Check Pods Manifest.lock */,
				2454B4D925D2D8DB00BE9794 /* Sources */,
				2454B4DA25D2D8DB00BE9794 /* Frameworks */,
				2454B4DB25D2D8DB00BE9794 /* Resources */,
				AD59BAFDEBE1CE4E0E2A3EAD /* [CP] Embed Pods Frameworks */,
			);
			buildRules = (
			);
			dependencies = (
			);
			name = Todo;
			productName = Todo;
			productReference = 2454B4DD25D2D8DB00BE9794 /* Todo.app */;
			productType = "com.apple.product-type.application";
		};
/* End PBXNativeTarget section */

/* Begin PBXProject section */
		2454B4D525D2D8DB00BE9794 /* Project object */ = {
			isa = PBXProject;
			attributes = {
				LastSwiftUpdateCheck = 1240;
				LastUpgradeCheck = 1240;
				TargetAttributes = {
					2454B4DC25D2D8DB00BE9794 = {
						CreatedOnToolsVersion = 12.4;
					};
				};
			};
			buildConfigurationList = 2454B4D825D2D8DB00BE9794 /* Build configuration list for PBXProject "Todo" */;
			compatibilityVersion = "Xcode 9.3";
			developmentRegion = en;
			hasScannedForEncodings = 0;
			knownRegions = (
				en,
				Base,
			);
			mainGroup = 2454B4D425D2D8DB00BE9794;
			productRefGroup = 2454B4DE25D2D8DB00BE9794 /* Products */;
			projectDirPath = "";
			projectRoot = "";
			targets = (
				2454B4DC25D2D8DB00BE9794 /* Todo */,
			);
		};
/* End PBXProject section */

/* Begin PBXResourcesBuildPhase section */
		2454B4DB25D2D8DB00BE9794 /* Resources */ = {
			isa = PBXResourcesBuildPhase;
			buildActionMask = 2147483647;
			files = (
				2454B4F025D2D8DC00BE9794 /* LaunchScreen.storyboard in Resources */,
				24A17C8625DE533F0015AAC4 /* GoogleService-Info.plist in Resources */,
				2454B4ED25D2D8DC00BE9794 /* Assets.xcassets in Resources */,
				2454B4E825D2D8DB00BE9794 /* Main.storyboard in Resources */,
			);
			runOnlyForDeploymentPostprocessing = 0;
		};
/* End PBXResourcesBuildPhase section */

/* Begin PBXShellScriptBuildPhase section */
		36AE1D937E2262F5845D5327 /* [CP] Check Pods Manifest.lock */ = {
			isa = PBXShellScriptBuildPhase;
			buildActionMask = 2147483647;
			files = (
			);
			inputFileListPaths = (
			);
			inputPaths = (
				"${PODS_PODFILE_DIR_PATH}/Podfile.lock",
				"${PODS_ROOT}/Manifest.lock",
			);
			name = "[CP] Check Pods Manifest.lock";
			outputFileListPaths = (
			);
			outputPaths = (
				"$(DERIVED_FILE_DIR)/Pods-Todo-checkManifestLockResult.txt",
			);
			runOnlyForDeploymentPostprocessing = 0;
			shellPath = /bin/sh;
			shellScript = "diff \"${PODS_PODFILE_DIR_PATH}/Podfile.lock\" \"${PODS_ROOT}/Manifest.lock\" > /dev/null\nif [ $? != 0 ] ; then\n    # print error to STDERR\n    echo \"error: The sandbox is not in sync with the Podfile.lock. Run 'pod install' or update your CocoaPods installation.\" >&2\n    exit 1\nfi\n# This output is used by Xcode 'outputs' to avoid re-running this script phase.\necho \"SUCCESS\" > \"${SCRIPT_OUTPUT_FILE_0}\"\n";
			showEnvVarsInLog = 0;
		};
		AD59BAFDEBE1CE4E0E2A3EAD /* [CP] Embed Pods Frameworks */ = {
			isa = PBXShellScriptBuildPhase;
			buildActionMask = 2147483647;
			files = (
			);
			inputFileListPaths = (
				"${PODS_ROOT}/Target Support Files/Pods-Todo/Pods-Todo-frameworks-${CONFIGURATION}-input-files.xcfilelist",
			);
			name = "[CP] Embed Pods Frameworks";
			outputFileListPaths = (
				"${PODS_ROOT}/Target Support Files/Pods-Todo/Pods-Todo-frameworks-${CONFIGURATION}-output-files.xcfilelist",
			);
			runOnlyForDeploymentPostprocessing = 0;
			shellPath = /bin/sh;
			shellScript = "\"${PODS_ROOT}/Target Support Files/Pods-Todo/Pods-Todo-frameworks.sh\"\n";
			showEnvVarsInLog = 0;
		};
/* End PBXShellScriptBuildPhase section */

/* Begin PBXSourcesBuildPhase section */
		2454B4D925D2D8DB00BE9794 /* Sources */ = {
			isa = PBXSourcesBuildPhase;
			buildActionMask = 2147483647;
			files = (
				2454B4E525D2D8DB00BE9794 /* MainViewController.swift in Sources */,
				2454B4E125D2D8DB00BE9794 /* AppDelegate.swift in Sources */,
				2454B4E325D2D8DB00BE9794 /* SceneDelegate.swift in Sources */,
				248156C025E20C6A0029249A /* TableViewController.swift in Sources */,
				24CCC91725D6C46B00CDC994 /* NoteViewController.swift in Sources */,
				24A00EBE25D7F8900066506B /* DetailViewController.swift in Sources */,
				248156BD25E20C5C0029249A /* CalendarViewController.swift in Sources */,
				242A2E4625D903E800A03D0F /* CompleteDelegate.swift in Sources */,
			);
			runOnlyForDeploymentPostprocessing = 0;
		};
/* End PBXSourcesBuildPhase section */

/* Begin PBXVariantGroup section */
		2454B4E625D2D8DB00BE9794 /* Main.storyboard */ = {
			isa = PBXVariantGroup;
			children = (
				2454B4E725D2D8DB00BE9794 /* Base */,
			);
			name = Main.storyboard;
			sourceTree = "<group>";
		};
		2454B4EE25D2D8DC00BE9794 /* LaunchScreen.storyboard */ = {
			isa = PBXVariantGroup;
			children = (
				2454B4EF25D2D8DC00BE9794 /* Base */,
			);
			name = LaunchScreen.storyboard;
			sourceTree = "<group>";
		};
/* End PBXVariantGroup section */

/* Begin XCBuildConfiguration section */
		2454B4F225D2D8DC00BE9794 /* Debug */ = {
			isa = XCBuildConfiguration;
			buildSettings = {
				ALWAYS_SEARCH_USER_PATHS = NO;
				CLANG_ANALYZER_NONNULL = YES;
				CLANG_ANALYZER_NUMBER_OBJECT_CONVERSION = YES_AGGRESSIVE;
				CLANG_CXX_LANGUAGE_STANDARD = "gnu++14";
				CLANG_CXX_LIBRARY = "libc++";
				CLANG_ENABLE_MODULES = YES;
				CLANG_ENABLE_OBJC_ARC = YES;
				CLANG_ENABLE_OBJC_WEAK = YES;
				CLANG_WARN_BLOCK_CAPTURE_AUTORELEASING = YES;
				CLANG_WARN_BOOL_CONVERSION = YES;
				CLANG_WARN_COMMA = YES;
				CLANG_WARN_CONSTANT_CONVERSION = YES;
				CLANG_WARN_DEPRECATED_OBJC_IMPLEMENTATIONS = YES;
				CLANG_WARN_DIRECT_OBJC_ISA_USAGE = YES_ERROR;
				CLANG_WARN_DOCUMENTATION_COMMENTS = YES;
				CLANG_WARN_EMPTY_BODY = YES;
				CLANG_WARN_ENUM_CONVERSION = YES;
				CLANG_WARN_INFINITE_RECURSION = YES;
				CLANG_WARN_INT_CONVERSION = YES;
				CLANG_WARN_NON_LITERAL_NULL_CONVERSION = YES;
				CLANG_WARN_OBJC_IMPLICIT_RETAIN_SELF = YES;
				CLANG_WARN_OBJC_LITERAL_CONVERSION = YES;
				CLANG_WARN_OBJC_ROOT_CLASS = YES_ERROR;
				CLANG_WARN_QUOTED_INCLUDE_IN_FRAMEWORK_HEADER = YES;
				CLANG_WARN_RANGE_LOOP_ANALYSIS = YES;
				CLANG_WARN_STRICT_PROTOTYPES = YES;
				CLANG_WARN_SUSPICIOUS_MOVE = YES;
				CLANG_WARN_UNGUARDED_AVAILABILITY = YES_AGGRESSIVE;
				CLANG_WARN_UNREACHABLE_CODE = YES;
				CLANG_WARN__DUPLICATE_METHOD_MATCH = YES;
				COPY_PHASE_STRIP = NO;
				DEBUG_INFORMATION_FORMAT = dwarf;
				ENABLE_STRICT_OBJC_MSGSEND = YES;
				ENABLE_TESTABILITY = YES;
				GCC_C_LANGUAGE_STANDARD = gnu11;
				GCC_DYNAMIC_NO_PIC = NO;
				GCC_NO_COMMON_BLOCKS = YES;
				GCC_OPTIMIZATION_LEVEL = 0;
				GCC_PREPROCESSOR_DEFINITIONS = (
					"DEBUG=1",
					"$(inherited)",
				);
				GCC_WARN_64_TO_32_BIT_CONVERSION = YES;
				GCC_WARN_ABOUT_RETURN_TYPE = YES_ERROR;
				GCC_WARN_UNDECLARED_SELECTOR = YES;
				GCC_WARN_UNINITIALIZED_AUTOS = YES_AGGRESSIVE;
				GCC_WARN_UNUSED_FUNCTION = YES;
				GCC_WARN_UNUSED_VARIABLE = YES;
				IPHONEOS_DEPLOYMENT_TARGET = 14.4;
				MTL_ENABLE_DEBUG_INFO = INCLUDE_SOURCE;
				MTL_FAST_MATH = YES;
				ONLY_ACTIVE_ARCH = YES;
				SDKROOT = iphoneos;
				SWIFT_ACTIVE_COMPILATION_CONDITIONS = DEBUG;
				SWIFT_OPTIMIZATION_LEVEL = "-Onone";
			};
			name = Debug;
		};
		2454B4F325D2D8DC00BE9794 /* Release */ = {
			isa = XCBuildConfiguration;
			buildSettings = {
				ALWAYS_SEARCH_USER_PATHS = NO;
				CLANG_ANALYZER_NONNULL = YES;
				CLANG_ANALYZER_NUMBER_OBJECT_CONVERSION = YES_AGGRESSIVE;
				CLANG_CXX_LANGUAGE_STANDARD = "gnu++14";
				CLANG_CXX_LIBRARY = "libc++";
				CLANG_ENABLE_MODULES = YES;
				CLANG_ENABLE_OBJC_ARC = YES;
				CLANG_ENABLE_OBJC_WEAK = YES;
				CLANG_WARN_BLOCK_CAPTURE_AUTORELEASING = YES;
				CLANG_WARN_BOOL_CONVERSION = YES;
				CLANG_WARN_COMMA = YES;
				CLANG_WARN_CONSTANT_CONVERSION = YES;
				CLANG_WARN_DEPRECATED_OBJC_IMPLEMENTATIONS = YES;
				CLANG_WARN_DIRECT_OBJC_ISA_USAGE = YES_ERROR;
				CLANG_WARN_DOCUMENTATION_COMMENTS = YES;
				CLANG_WARN_EMPTY_BODY = YES;
				CLANG_WARN_ENUM_CONVERSION = YES;
				CLANG_WARN_INFINITE_RECURSION = YES;
				CLANG_WARN_INT_CONVERSION = YES;
				CLANG_WARN_NON_LITERAL_NULL_CONVERSION = YES;
				CLANG_WARN_OBJC_IMPLICIT_RETAIN_SELF = YES;
				CLANG_WARN_OBJC_LITERAL_CONVERSION = YES;
				CLANG_WARN_OBJC_ROOT_CLASS = YES_ERROR;
				CLANG_WARN_QUOTED_INCLUDE_IN_FRAMEWORK_HEADER = YES;
				CLANG_WARN_RANGE_LOOP_ANALYSIS = YES;
				CLANG_WARN_STRICT_PROTOTYPES = YES;
				CLANG_WARN_SUSPICIOUS_MOVE = YES;
				CLANG_WARN_UNGUARDED_AVAILABILITY = YES_AGGRESSIVE;
				CLANG_WARN_UNREACHABLE_CODE = YES;
				CLANG_WARN__DUPLICATE_METHOD_MATCH = YES;
				COPY_PHASE_STRIP = NO;
				DEBUG_INFORMATION_FORMAT = "dwarf-with-dsym";
				ENABLE_NS_ASSERTIONS = NO;
				ENABLE_STRICT_OBJC_MSGSEND = YES;
				GCC_C_LANGUAGE_STANDARD = gnu11;
				GCC_NO_COMMON_BLOCKS = YES;
				GCC_WARN_64_TO_32_BIT_CONVERSION = YES;
				GCC_WARN_ABOUT_RETURN_TYPE = YES_ERROR;
				GCC_WARN_UNDECLARED_SELECTOR = YES;
				GCC_WARN_UNINITIALIZED_AUTOS = YES_AGGRESSIVE;
				GCC_WARN_UNUSED_FUNCTION = YES;
				GCC_WARN_UNUSED_VARIABLE = YES;
				IPHONEOS_DEPLOYMENT_TARGET = 14.4;
				MTL_ENABLE_DEBUG_INFO = NO;
				MTL_FAST_MATH = YES;
				SDKROOT = iphoneos;
				SWIFT_COMPILATION_MODE = wholemodule;
				SWIFT_OPTIMIZATION_LEVEL = "-O";
				VALIDATE_PRODUCT = YES;
			};
			name = Release;
		};
		2454B4F525D2D8DC00BE9794 /* Debug */ = {
			isa = XCBuildConfiguration;
			baseConfigurationReference = 6A3BEC41567FDAEC2A05AC02 /* Pods-Todo.debug.xcconfig */;
			buildSettings = {
				ASSETCATALOG_COMPILER_APPICON_NAME = AppIcon;
				ASSETCATALOG_COMPILER_GLOBAL_ACCENT_COLOR_NAME = AccentColor;
				CODE_SIGN_STYLE = Automatic;
				DEVELOPMENT_TEAM = HF833JV2AF;
				INFOPLIST_FILE = Todo/Info.plist;
				IPHONEOS_DEPLOYMENT_TARGET = 14.1;
				LD_RUNPATH_SEARCH_PATHS = (
					"$(inherited)",
					"@executable_path/Frameworks",
				);
				PRODUCT_BUNDLE_IDENTIFIER = joon.Todo;
				PRODUCT_NAME = "$(TARGET_NAME)";
				SWIFT_VERSION = 5.0;
				TARGETED_DEVICE_FAMILY = "1,2";
			};
			name = Debug;
		};
		2454B4F625D2D8DC00BE9794 /* Release */ = {
			isa = XCBuildConfiguration;
			baseConfigurationReference = DC663AF16782228624A2E82B /* Pods-Todo.release.xcconfig */;
			buildSettings = {
				ASSETCATALOG_COMPILER_APPICON_NAME = AppIcon;
				ASSETCATALOG_COMPILER_GLOBAL_ACCENT_COLOR_NAME = AccentColor;
				CODE_SIGN_STYLE = Automatic;
				DEVELOPMENT_TEAM = HF833JV2AF;
				INFOPLIST_FILE = Todo/Info.plist;
				IPHONEOS_DEPLOYMENT_TARGET = 14.1;
				LD_RUNPATH_SEARCH_PATHS = (
					"$(inherited)",
					"@executable_path/Frameworks",
				);
				PRODUCT_BUNDLE_IDENTIFIER = joon.Todo;
				PRODUCT_NAME = "$(TARGET_NAME)";
				SWIFT_VERSION = 5.0;
				TARGETED_DEVICE_FAMILY = "1,2";
			};
			name = Release;
		};
/* End XCBuildConfiguration section */

/* Begin XCConfigurationList section */
		2454B4D825D2D8DB00BE9794 /* Build configuration list for PBXProject "Todo" */ = {
			isa = XCConfigurationList;
			buildConfigurations = (
				2454B4F225D2D8DC00BE9794 /* Debug */,
				2454B4F325D2D8DC00BE9794 /* Release */,
			);
			defaultConfigurationIsVisible = 0;
			defaultConfigurationName = Release;
		};
		2454B4F425D2D8DC00BE9794 /* Build configuration list for PBXNativeTarget "Todo" */ = {
			isa = XCConfigurationList;
			buildConfigurations = (
				2454B4F525D2D8DC00BE9794 /* Debug */,
				2454B4F625D2D8DC00BE9794 /* Release */,
			);
			defaultConfigurationIsVisible = 0;
			defaultConfigurationName = Release;
		};
/* End XCConfigurationList section */
	};
	rootObject = 2454B4D525D2D8DB00BE9794 /* Project object */;
}
